{
  "name": "js",
  "lockfileVersion": 2,
  "requires": true,
  "packages": {
    "": {
      "devDependencies": {
        "fast-check": "^2.24.0"
      }
    },
    "node_modules/fast-check": {
      "version": "2.24.0",
      "resolved": "https://registry.npmjs.org/fast-check/-/fast-check-2.24.0.tgz",
      "integrity": "sha512-iNXbN90lbabaCUfnW5jyXYPwMJLFYl09eJDkXA9ZoidFlBK63gNRvcKxv+8D1OJ1kIYjwBef4bO/K3qesUeWLQ==",
      "dev": true,
      "dependencies": {
        "pure-rand": "^5.0.1"
      },
      "engines": {
        "node": ">=8.0.0"
      },
      "funding": {
        "type": "opencollective",
        "url": "https://opencollective.com/fast-check"
      }
    },
    "node_modules/pure-rand": {
      "version": "5.0.1",
      "resolved": "https://registry.npmjs.org/pure-rand/-/pure-rand-5.0.1.tgz",
      "integrity": "sha512-ksWccjmXOHU2gJBnH0cK1lSYdvSZ0zLoCMSz/nTGh6hDvCSgcRxDyIcOBD6KNxFz3xhMPm/T267Tbe2JRymKEQ==",
      "dev": true,
      "funding": {
        "type": "opencollective",
        "url": "https://opencollective.com/fast-check"
      }
    }
  },
  "dependencies": {
    "fast-check": {
      "version": "2.24.0",
      "resolved": "https://registry.npmjs.org/fast-check/-/fast-check-2.24.0.tgz",
      "integrity": "sha512-iNXbN90lbabaCUfnW5jyXYPwMJLFYl09eJDkXA9ZoidFlBK63gNRvcKxv+8D1OJ1kIYjwBef4bO/K3qesUeWLQ==",
      "dev": true,
      "requires": {
        "pure-rand": "^5.0.1"
      }
    },
    "pure-rand": {
      "version": "5.0.1",
      "resolved": "https://registry.npmjs.org/pure-rand/-/pure-rand-5.0.1.tgz",
      "integrity": "sha512-ksWccjmXOHU2gJBnH0cK1lSYdvSZ0zLoCMSz/nTGh6hDvCSgcRxDyIcOBD6KNxFz3xhMPm/T267Tbe2JRymKEQ==",
      "dev": true
    }
  }
}
